
Microsoft Visual Studio Solution File, Format Version 12.00
# Visual Studio Version 17
VisualStudioVersion = 17.0.31903.59
MinimumVisualStudioVersion = 10.0.40219.1
Project("{FAE04EC0-301F-11D3-BF4B-00C04F79EFBC}") = "TddProject", "TddProject\TddProject.csproj", "{66504675-E436-484B-A2C1-577BD069C35C}"
EndProject
Project("{FAE04EC0-301F-11D3-BF4B-00C04F79EFBC}") = "TddTests", "Tests\TddTests.csproj", "{B8169A09-D65D-4D82-AE1C-76B1C8B8DF96}"
EndProject
Global
	GlobalSection(SolutionConfigurationPlatforms) = preSolution
		Debug|Any CPU = Debug|Any CPU
		Release|Any CPU = Release|Any CPU
	EndGlobalSection
	GlobalSection(SolutionProperties) = preSolution
		HideSolutionNode = FALSE
	EndGlobalSection
	GlobalSection(ProjectConfigurationPlatforms) = postSolution
		{66504675-E436-484B-A2C1-577BD069C35C}.Debug|Any CPU.ActiveCfg = Debug|Any CPU
		{66504675-E436-484B-A2C1-577BD069C35C}.Debug|Any CPU.Build.0 = Debug|Any CPU
		{66504675-E436-484B-A2C1-577BD069C35C}.Release|Any CPU.ActiveCfg = Release|Any CPU
		{66504675-E436-484B-A2C1-577BD069C35C}.Release|Any CPU.Build.0 = Release|Any CPU
		{B8169A09-D65D-4D82-AE1C-76B1C8B8DF96}.Debug|Any CPU.ActiveCfg = Debug|Any CPU
		{B8169A09-D65D-4D82-AE1C-76B1C8B8DF96}.Debug|Any CPU.Build.0 = Debug|Any CPU
		{B8169A09-D65D-4D82-AE1C-76B1C8B8DF96}.Release|Any CPU.ActiveCfg = Release|Any CPU
		{B8169A09-D65D-4D82-AE1C-76B1C8B8DF96}.Release|Any CPU.Build.0 = Release|Any CPU
	EndGlobalSection
EndGlobal
